// !$*UTF8*$!
{
	archiveVersion = 1;
	classes = {
	};
	objectVersion = 50;
	objects = {

/* Begin PBXBuildFile section */
		8BC92B9F211B282300016589 /* AppDelegate.swift in Sources */ = {isa = PBXBuildFile; fileRef = 8BC92B9E211B282300016589 /* AppDelegate.swift */; };
		8BC92BA1211B282300016589 /* ViewController.swift in Sources */ = {isa = PBXBuildFile; fileRef = 8BC92BA0211B282300016589 /* ViewController.swift */; };
		8BC92BA4211B282300016589 /* Main.storyboard in Resources */ = {isa = PBXBuildFile; fileRef = 8BC92BA2211B282300016589 /* Main.storyboard */; };
		8BC92BA6211B282600016589 /* Assets.xcassets in Resources */ = {isa = PBXBuildFile; fileRef = 8BC92BA5211B282600016589 /* Assets.xcassets */; };
		8BC92BA9211B282600016589 /* LaunchScreen.storyboard in Resources */ = {isa = PBXBuildFile; fileRef = 8BC92BA7211B282600016589 /* LaunchScreen.storyboard */; };
		8BC92BB4211B282600016589 /* layoutTrainingTests.swift in Sources */ = {isa = PBXBuildFile; fileRef = 8BC92BB3211B282600016589 /* layoutTrainingTests.swift */; };
		8BC92BBF211B282600016589 /* layoutTrainingUITests.swift in Sources */ = {isa = PBXBuildFile; fileRef = 8BC92BBE211B282600016589 /* layoutTrainingUITests.swift */; };
/* End PBXBuildFile section */

/* Begin PBXContainerItemProxy section */
		8BC92BB0211B282600016589 /* PBXContainerItemProxy */ = {
			isa = PBXContainerItemProxy;
			containerPortal = 8BC92B93211B282300016589 /* Project object */;
			proxyType = 1;
			remoteGlobalIDString = 8BC92B9A211B282300016589;
			remoteInfo = layoutTraining;
		};
		8BC92BBB211B282600016589 /* PBXContainerItemProxy */ = {
			isa = PBXContainerItemProxy;
			containerPortal = 8BC92B93211B282300016589 /* Project object */;
			proxyType = 1;
			remoteGlobalIDString = 8BC92B9A211B282300016589;
			remoteInfo = layoutTraining;
		};
/* End PBXContainerItemProxy section */

/* Begin PBXFileReference section */
		8BC92B9B211B282300016589 /* layoutTraining.app */ = {isa = PBXFileReference; explicitFileType = wrapper.application; includeInIndex = 0; path = layoutTraining.app; sourceTree = BUILT_PRODUCTS_DIR; };
		8BC92B9E211B282300016589 /* AppDelegate.swift */ = {isa = PBXFileReference; lastKnownFileType = sourcecode.swift; path = AppDelegate.swift; sourceTree = "<group>"; };
		8BC92BA0211B282300016589 /* ViewController.swift */ = {isa = PBXFileReference; lastKnownFileType = sourcecode.swift; path = ViewController.swift; sourceTree = "<group>"; };
		8BC92BA3211B282300016589 /* Base */ = {isa = PBXFileReference; lastKnownFileType = file.storyboard; name = Base; path = Base.lproj/Main.storyboard; sourceTree = "<group>"; };
		8BC92BA5211B282600016589 /* Assets.xcassets */ = {isa = PBXFileReference; lastKnownFileType = folder.assetcatalog; path = Assets.xcassets; sourceTree = "<group>"; };
		8BC92BA8211B282600016589 /* Base */ = {isa = PBXFileReference; lastKnownFileType = file.storyboard; name = Base; path = Base.lproj/LaunchScreen.storyboard; sourceTree = "<group>"; };
		8BC92BAA211B282600016589 /* Info.plist */ = {isa = PBXFileReference; lastKnownFileType = text.plist.xml; path = Info.plist; sourceTree = "<group>"; };
		8BC92BAF211B282600016589 /* layoutTrainingTests.xctest */ = {isa = PBXFileReference; explicitFileType = wrapper.cfbundle; includeInIndex = 0; path = layoutTrainingTests.xctest; sourceTree = BUILT_PRODUCTS_DIR; };
		8BC92BB3211B282600016589 /* layoutTrainingTests.swift */ = {isa = PBXFileReference; lastKnownFileType = sourcecode.swift; path = layoutTrainingTests.swift; sourceTree = "<group>"; };
		8BC92BB5211B282600016589 /* Info.plist */ = {isa = PBXFileReference; lastKnownFileType = text.plist.xml; path = Info.plist; sourceTree = "<group>"; };
		8BC92BBA211B282600016589 /* layoutTrainingUITests.xctest */ = {isa = PBXFileReference; explicitFileType = wrapper.cfbundle; includeInIndex = 0; path = layoutTrainingUITests.xctest; sourceTree = BUILT_PRODUCTS_DIR; };
		8BC92BBE211B282600016589 /* layoutTrainingUITests.swift */ = {isa = PBXFileReference; lastKnownFileType = sourcecode.swift; path = layoutTrainingUITests.swift; sourceTree = "<group>"; };
		8BC92BC0211B282600016589 /* Info.plist */ = {isa = PBXFileReference; lastKnownFileType = text.plist.xml; path = Info.plist; sourceTree = "<group>"; };
/* End PBXFileReference section */

/* Begin PBXFrameworksBuildPhase section */
		8BC92B98211B282300016589 /* Frameworks */ = {
			isa = PBXFrameworksBuildPhase;
			buildActionMask = 2147483647;
			files = (
			);
			runOnlyForDeploymentPostprocessing = 0;
		};
		8BC92BAC211B282600016589 /* Frameworks */ = {
			isa = PBXFrameworksBuildPhase;
			buildActionMask = 2147483647;
			files = (
			);
			runOnlyForDeploymentPostprocessing = 0;
		};
		8BC92BB7211B282600016589 /* Frameworks */ = {
			isa = PBXFrameworksBuildPhase;
			buildActionMask = 2147483647;
			files = (
			);
			runOnlyForDeploymentPostprocessing = 0;
		};
/* End PBXFrameworksBuildPhase section */

/* Begin PBXGroup section */
		8BC92B92211B282300016589 = {
			isa = PBXGroup;
			children = (
				8BC92B9D211B282300016589 /* layoutTraining */,
				8BC92BB2211B282600016589 /* layoutTrainingTests */,
				8BC92BBD211B282600016589 /* layoutTrainingUITests */,
				8BC92B9C211B282300016589 /* Products */,
			);
			sourceTree = "<group>";
		};
		8BC92B9C211B282300016589 /* Products */ = {
			isa = PBXGroup;
			children = (
				8BC92B9B211B282300016589 /* layoutTraining.app */,
				8BC92BAF211B282600016589 /* layoutTrainingTests.xctest */,
				8BC92BBA211B282600016589 /* layoutTrainingUITests.xctest */,
			);
			name = Products;
			sourceTree = "<group>";
		};
		8BC92B9D211B282300016589 /* layoutTraining */ = {
			isa = PBXGroup;
			children = (
				8BC92B9E211B282300016589 /* AppDelegate.swift */,
				8BC92BA0211B282300016589 /* ViewController.swift */,
				8BC92BA2211B282300016589 /* Main.storyboard */,
				8BC92BA5211B282600016589 /* Assets.xcassets */,
				8BC92BA7211B282600016589 /* LaunchScreen.storyboard */,
				8BC92BAA211B282600016589 /* Info.plist */,
			);
			path = layoutTraining;
			sourceTree = "<group>";
		};
		8BC92BB2211B282600016589 /* layoutTrainingTests */ = {
			isa = PBXGroup;
			children = (
				8BC92BB3211B282600016589 /* layoutTrainingTests.swift */,
				8BC92BB5211B282600016589 /* Info.plist */,
			);
			path = layoutTrainingTests;
			sourceTree = "<group>";
		};
		8BC92BBD211B282600016589 /* layoutTrainingUITests */ = {
			isa = PBXGroup;
			children = (
				8BC92BBE211B282600016589 /* layoutTrainingUITests.swift */,
				8BC92BC0211B282600016589 /* Info.plist */,
			);
			path = layoutTrainingUITests;
			sourceTree = "<group>";
		};
/* End PBXGroup section */

/* Begin PBXNativeTarget section */
		8BC92B9A211B282300016589 /* layoutTraining */ = {
			isa = PBXNativeTarget;
			buildConfigurationList = 8BC92BC3211B282600016589 /* Build configuration list for PBXNativeTarget "layoutTraining" */;
			buildPhases = (
				8BC92B97211B282300016589 /* Sources */,
				8BC92B98211B282300016589 /* Frameworks */,
				8BC92B99211B282300016589 /* Resources */,
			);
			buildRules = (
			);
			dependencies = (
			);
			name = layoutTraining;
			productName = layoutTraining;
			productReference = 8BC92B9B211B282300016589 /* layoutTraining.app */;
			productType = "com.apple.product-type.application";
		};
		8BC92BAE211B282600016589 /* layoutTrainingTests */ = {
			isa = PBXNativeTarget;
			buildConfigurationList = 8BC92BC6211B282600016589 /* Build configuration list for PBXNativeTarget "layoutTrainingTests" */;
			buildPhases = (
				8BC92BAB211B282600016589 /* Sources */,
				8BC92BAC211B282600016589 /* Frameworks */,
				8BC92BAD211B282600016589 /* Resources */,
			);
			buildRules = (
			);
			dependencies = (
				8BC92BB1211B282600016589 /* PBXTargetDependency */,
			);
			name = layoutTrainingTests;
			productName = layoutTrainingTests;
			productReference = 8BC92BAF211B282600016589 /* layoutTrainingTests.xctest */;
			productType = "com.apple.product-type.bundle.unit-test";
		};
		8BC92BB9211B282600016589 /* layoutTrainingUITests */ = {
			isa = PBXNativeTarget;
			buildConfigurationList = 8BC92BC9211B282600016589 /* Build configuration list for PBXNativeTarget "layoutTrainingUITests" */;
			buildPhases = (
				8BC92BB6211B282600016589 /* Sources */,
				8BC92BB7211B282600016589 /* Frameworks */,
				8BC92BB8211B282600016589 /* Resources */,
			);
			buildRules = (
			);
			dependencies = (
				8BC92BBC211B282600016589 /* PBXTargetDependency */,
			);
			name = layoutTrainingUITests;
			productName = layoutTrainingUITests;
			productReference = 8BC92BBA211B282600016589 /* layoutTrainingUITests.xctest */;
			productType = "com.apple.product-type.bundle.ui-testing";
		};
/* End PBXNativeTarget section */

/* Begin PBXProject section */
		8BC92B93211B282300016589 /* Project object */ = {
			isa = PBXProject;
			attributes = {
				LastSwiftUpdateCheck = 1000;
				LastUpgradeCheck = 1000;
				ORGANIZATIONNAME = LeandroEstrada;
				TargetAttributes = {
					8BC92B9A211B282300016589 = {
						CreatedOnToolsVersion = 10.0;
					};
					8BC92BAE211B282600016589 = {
						CreatedOnToolsVersion = 10.0;
						TestTargetID = 8BC92B9A211B282300016589;
					};
					8BC92BB9211B282600016589 = {
						CreatedOnToolsVersion = 10.0;
						TestTargetID = 8BC92B9A211B282300016589;
					};
				};
			};
			buildConfigurationList = 8BC92B96211B282300016589 /* Build configuration list for PBXProject "layoutTraining" */;
			compatibilityVersion = "Xcode 9.3";
			developmentRegion = en;
			hasScannedForEncodings = 0;
			knownRegions = (
				en,
				Base,
			);
			mainGroup = 8BC92B92211B282300016589;
			productRefGroup = 8BC92B9C211B282300016589 /* Products */;
			projectDirPath = "";
			projectRoot = "";
			targets = (
				8BC92B9A211B282300016589 /* layoutTraining */,
				8BC92BAE211B282600016589 /* layoutTrainingTests */,
				8BC92BB9211B282600016589 /* layoutTrainingUITests */,
			);
		};
/* End PBXProject section */

/* Begin PBXResourcesBuildPhase section */
		8BC92B99211B282300016589 /* Resources */ = {
			isa = PBXResourcesBuildPhase;
			buildActionMask = 2147483647;
			files = (
				8BC92BA9211B282600016589 /* LaunchScreen.storyboard in Resources */,
				8BC92BA6211B282600016589 /* Assets.xcassets in Resources */,
				8BC92BA4211B282300016589 /* Main.storyboard in Resources */,
			);
			runOnlyForDeploymentPostprocessing = 0;
		};
		8BC92BAD211B282600016589 /* Resources */ = {
			isa = PBXResourcesBuildPhase;
			buildActionMask = 2147483647;
			files = (
			);
			runOnlyForDeploymentPostprocessing = 0;
		};
		8BC92BB8211B282600016589 /* Resources */ = {
			isa = PBXResourcesBuildPhase;
			buildActionMask = 2147483647;
			files = (
			);
			runOnlyForDeploymentPostprocessing = 0;
		};
/* End PBXResourcesBuildPhase section */

/* Begin PBXSourcesBuildPhase section */
		8BC92B97211B282300016589 /* Sources */ = {
			isa = PBXSourcesBuildPhase;
			buildActionMask = 2147483647;
			files = (
				8BC92BA1211B282300016589 /* ViewController.swift in Sources */,
				8BC92B9F211B282300016589 /* AppDelegate.swift in Sources */,
			);
			runOnlyForDeploymentPostprocessing = 0;
		};
		8BC92BAB211B282600016589 /* Sources */ = {
			isa = PBXSourcesBuildPhase;
			buildActionMask = 2147483647;
			files = (
				8BC92BB4211B282600016589 /* layoutTrainingTests.swift in Sources */,
			);
			runOnlyForDeploymentPostprocessing = 0;
		};
		8BC92BB6211B282600016589 /* Sources */ = {
			isa = PBXSourcesBuildPhase;
			buildActionMask = 2147483647;
			files = (
				8BC92BBF211B282600016589 /* layoutTrainingUITests.swift in Sources */,
			);
			runOnlyForDeploymentPostprocessing = 0;
		};
/* End PBXSourcesBuildPhase section */

/* Begin PBXTargetDependency section */
		8BC92BB1211B282600016589 /* PBXTargetDependency */ = {
			isa = PBXTargetDependency;
			target = 8BC92B9A211B282300016589 /* layoutTraining */;
			targetProxy = 8BC92BB0211B282600016589 /* PBXContainerItemProxy */;
		};
		8BC92BBC211B282600016589 /* PBXTargetDependency */ = {
			isa = PBXTargetDependency;
			target = 8BC92B9A211B282300016589 /* layoutTraining */;
			targetProxy = 8BC92BBB211B282600016589 /* PBXContainerItemProxy */;
		};
/* End PBXTargetDependency section */

/* Begin PBXVariantGroup section */
		8BC92BA2211B282300016589 /* Main.storyboard */ = {
			isa = PBXVariantGroup;
			children = (
				8BC92BA3211B282300016589 /* Base */,
			);
			name = Main.storyboard;
			sourceTree = "<group>";
		};
		8BC92BA7211B282600016589 /* LaunchScreen.storyboard */ = {
			isa = PBXVariantGroup;
			children = (
				8BC92BA8211B282600016589 /* Base */,
			);
			name = LaunchScreen.storyboard;
			sourceTree = "<group>";
		};
/* End PBXVariantGroup section */

/* Begin XCBuildConfiguration section */
		8BC92BC1211B282600016589 /* Debug */ = {
			isa = XCBuildConfiguration;
			buildSettings = {
				ALWAYS_SEARCH_USER_PATHS = NO;
				CLANG_ANALYZER_NONNULL = YES;
				CLANG_ANALYZER_NUMBER_OBJECT_CONVERSION = YES_AGGRESSIVE;
				CLANG_CXX_LANGUAGE_STANDARD = "gnu++14";
				CLANG_CXX_LIBRARY = "libc++";
				CLANG_ENABLE_MODULES = YES;
				CLANG_ENABLE_OBJC_ARC = YES;
				CLANG_ENABLE_OBJC_WEAK = YES;
				CLANG_WARN_BLOCK_CAPTURE_AUTORELEASING = YES;
				CLANG_WARN_BOOL_CONVERSION = YES;
				CLANG_WARN_COMMA = YES;
				CLANG_WARN_CONSTANT_CONVERSION = YES;
				CLANG_WARN_DEPRECATED_OBJC_IMPLEMENTATIONS = YES;
				CLANG_WARN_DIRECT_OBJC_ISA_USAGE = YES_ERROR;
				CLANG_WARN_DOCUMENTATION_COMMENTS = YES;
				CLANG_WARN_EMPTY_BODY = YES;
				CLANG_WARN_ENUM_CONVERSION = YES;
				CLANG_WARN_INFINITE_RECURSION = YES;
				CLANG_WARN_INT_CONVERSION = YES;
				CLANG_WARN_NON_LITERAL_NULL_CONVERSION = YES;
				CLANG_WARN_OBJC_IMPLICIT_RETAIN_SELF = YES;
				CLANG_WARN_OBJC_LITERAL_CONVERSION = YES;
				CLANG_WARN_OBJC_ROOT_CLASS = YES_ERROR;
				CLANG_WARN_RANGE_LOOP_ANALYSIS = YES;
				CLANG_WARN_STRICT_PROTOTYPES = YES;
				CLANG_WARN_SUSPICIOUS_MOVE = YES;
				CLANG_WARN_UNGUARDED_AVAILABILITY = YES_AGGRESSIVE;
				CLANG_WARN_UNREACHABLE_CODE = YES;
				CLANG_WARN__DUPLICATE_METHOD_MATCH = YES;
				CODE_SIGN_IDENTITY = "iPhone Developer";
				COPY_PHASE_STRIP = NO;
				DEBUG_INFORMATION_FORMAT = dwarf;
				ENABLE_STRICT_OBJC_MSGSEND = YES;
				ENABLE_TESTABILITY = YES;
				GCC_C_LANGUAGE_STANDARD = gnu11;
				GCC_DYNAMIC_NO_PIC = NO;
				GCC_NO_COMMON_BLOCKS = YES;
				GCC_OPTIMIZATION_LEVEL = 0;
				GCC_PREPROCESSOR_DEFINITIONS = (
					"DEBUG=1",
					"$(inherited)",
				);
				GCC_WARN_64_TO_32_BIT_CONVERSION = YES;
				GCC_WARN_ABOUT_RETURN_TYPE = YES_ERROR;
				GCC_WARN_UNDECLARED_SELECTOR = YES;
				GCC_WARN_UNINITIALIZED_AUTOS = YES_AGGRESSIVE;
				GCC_WARN_UNUSED_FUNCTION = YES;
				GCC_WARN_UNUSED_VARIABLE = YES;
				IPHONEOS_DEPLOYMENT_TARGET = 12.0;
				MTL_ENABLE_DEBUG_INFO = INCLUDE_SOURCE;
				MTL_FAST_MATH = YES;
				ONLY_ACTIVE_ARCH = YES;
				SDKROOT = iphoneos;
				SWIFT_ACTIVE_COMPILATION_CONDITIONS = DEBUG;
				SWIFT_OPTIMIZATION_LEVEL = "-Onone";
			};
			name = Debug;
		};
		8BC92BC2211B282600016589 /* Release */ = {
			isa = XCBuildConfiguration;
			buildSettings = {
				ALWAYS_SEARCH_USER_PATHS = NO;
				CLANG_ANALYZER_NONNULL = YES;
				CLANG_ANALYZER_NUMBER_OBJECT_CONVERSION = YES_AGGRESSIVE;
				CLANG_CXX_LANGUAGE_STANDARD = "gnu++14";
				CLANG_CXX_LIBRARY = "libc++";
				CLANG_ENABLE_MODULES = YES;
				CLANG_ENABLE_OBJC_ARC = YES;
				CLANG_ENABLE_OBJC_WEAK = YES;
				CLANG_WARN_BLOCK_CAPTURE_AUTORELEASING = YES;
				CLANG_WARN_BOOL_CONVERSION = YES;
				CLANG_WARN_COMMA = YES;
				CLANG_WARN_CONSTANT_CONVERSION = YES;
				CLANG_WARN_DEPRECATED_OBJC_IMPLEMENTATIONS = YES;
				CLANG_WARN_DIRECT_OBJC_ISA_USAGE = YES_ERROR;
				CLANG_WARN_DOCUMENTATION_COMMENTS = YES;
				CLANG_WARN_EMPTY_BODY = YES;
				CLANG_WARN_ENUM_CONVERSION = YES;
				CLANG_WARN_INFINITE_RECURSION = YES;
				CLANG_WARN_INT_CONVERSION = YES;
				CLANG_WARN_NON_LITERAL_NULL_CONVERSION = YES;
				CLANG_WARN_OBJC_IMPLICIT_RETAIN_SELF = YES;
				CLANG_WARN_OBJC_LITERAL_CONVERSION = YES;
				CLANG_WARN_OBJC_ROOT_CLASS = YES_ERROR;
				CLANG_WARN_RANGE_LOOP_ANALYSIS = YES;
				CLANG_WARN_STRICT_PROTOTYPES = YES;
				CLANG_WARN_SUSPICIOUS_MOVE = YES;
				CLANG_WARN_UNGUARDED_AVAILABILITY = YES_AGGRESSIVE;
				CLANG_WARN_UNREACHABLE_CODE = YES;
				CLANG_WARN__DUPLICATE_METHOD_MATCH = YES;
				CODE_SIGN_IDENTITY = "iPhone Developer";
				COPY_PHASE_STRIP = NO;
				DEBUG_INFORMATION_FORMAT = "dwarf-with-dsym";
				ENABLE_NS_ASSERTIONS = NO;
				ENABLE_STRICT_OBJC_MSGSEND = YES;
				GCC_C_LANGUAGE_STANDARD = gnu11;
				GCC_NO_COMMON_BLOCKS = YES;
				GCC_WARN_64_TO_32_BIT_CONVERSION = YES;
				GCC_WARN_ABOUT_RETURN_TYPE = YES_ERROR;
				GCC_WARN_UNDECLARED_SELECTOR = YES;
				GCC_WARN_UNINITIALIZED_AUTOS = YES_AGGRESSIVE;
				GCC_WARN_UNUSED_FUNCTION = YES;
				GCC_WARN_UNUSED_VARIABLE = YES;
				IPHONEOS_DEPLOYMENT_TARGET = 12.0;
				MTL_ENABLE_DEBUG_INFO = NO;
				MTL_FAST_MATH = YES;
				SDKROOT = iphoneos;
				SWIFT_COMPILATION_MODE = wholemodule;
				SWIFT_OPTIMIZATION_LEVEL = "-O";
				VALIDATE_PRODUCT = YES;
			};
			name = Release;
		};
		8BC92BC4211B282600016589 /* Debug */ = {
			isa = XCBuildConfiguration;
			buildSettings = {
				ASSETCATALOG_COMPILER_APPICON_NAME = AppIcon;
				CODE_SIGN_STYLE = Automatic;
				DEVELOPMENT_TEAM = 99LJ8C9S9H;
				INFOPLIST_FILE = layoutTraining/Info.plist;
				LD_RUNPATH_SEARCH_PATHS = (
					"$(inherited)",
					"@executable_path/Frameworks",
				);
				PRODUCT_BUNDLE_IDENTIFIER = com.leandroestrada.layoutTraining;
				PRODUCT_NAME = "$(TARGET_NAME)";
				SWIFT_VERSION = 4.2;
				TARGETED_DEVICE_FAMILY = "1,2";
			};
			name = Debug;
		};
		8BC92BC5211B282600016589 /* Release */ = {
			isa = XCBuildConfiguration;
			buildSettings = {
				ASSETCATALOG_COMPILER_APPICON_NAME = AppIcon;
				CODE_SIGN_STYLE = Automatic;
				DEVELOPMENT_TEAM = 99LJ8C9S9H;
				INFOPLIST_FILE = layoutTraining/Info.plist;
				LD_RUNPATH_SEARCH_PATHS = (
					"$(inherited)",
					"@executable_path/Frameworks",
				);
				PRODUCT_BUNDLE_IDENTIFIER = com.leandroestrada.layoutTraining;
				PRODUCT_NAME = "$(TARGET_NAME)";
				SWIFT_VERSION = 4.2;
				TARGETED_DEVICE_FAMILY = "1,2";
			};
			name = Release;
		};
		8BC92BC7211B282600016589 /* Debug */ = {
			isa = XCBuildConfiguration;
			buildSettings = {
				ALWAYS_EMBED_SWIFT_STANDARD_LIBRARIES = YES;
				BUNDLE_LOADER = "$(TEST_HOST)";
				CODE_SIGN_STYLE = Automatic;
				DEVELOPMENT_TEAM = 99LJ8C9S9H;
				INFOPLIST_FILE = layoutTrainingTests/Info.plist;
				LD_RUNPATH_SEARCH_PATHS = (
					"$(inherited)",
					"@executable_path/Frameworks",
					"@loader_path/Frameworks",
				);
				PRODUCT_BUNDLE_IDENTIFIER = com.leandroestrada.layoutTrainingTests;
				PRODUCT_NAME = "$(TARGET_NAME)";
				SWIFT_VERSION = 4.2;
				TARGETED_DEVICE_FAMILY = "1,2";
				TEST_HOST = "$(BUILT_PRODUCTS_DIR)/layoutTraining.app/layoutTraining";
			};
			name = Debug;
		};
		8BC92BC8211B282600016589 /* Release */ = {
			isa = XCBuildConfiguration;
			buildSettings = {
				ALWAYS_EMBED_SWIFT_STANDARD_LIBRARIES = YES;
				BUNDLE_LOADER = "$(TEST_HOST)";
				CODE_SIGN_STYLE = Automatic;
				DEVELOPMENT_TEAM = 99LJ8C9S9H;
				INFOPLIST_FILE = layoutTrainingTests/Info.plist;
				LD_RUNPATH_SEARCH_PATHS = (
					"$(inherited)",
					"@executable_path/Frameworks",
					"@loader_path/Frameworks",
				);
				PRODUCT_BUNDLE_IDENTIFIER = com.leandroestrada.layoutTrainingTests;
				PRODUCT_NAME = "$(TARGET_NAME)";
				SWIFT_VERSION = 4.2;
				TARGETED_DEVICE_FAMILY = "1,2";
				TEST_HOST = "$(BUILT_PRODUCTS_DIR)/layoutTraining.app/layoutTraining";
			};
			name = Release;
		};
		8BC92BCA211B282600016589 /* Debug */ = {
			isa = XCBuildConfiguration;
			buildSettings = {
				ALWAYS_EMBED_SWIFT_STANDARD_LIBRARIES = YES;
				CODE_SIGN_STYLE = Automatic;
				DEVELOPMENT_TEAM = 99LJ8C9S9H;
				INFOPLIST_FILE = layoutTrainingUITests/Info.plist;
				LD_RUNPATH_SEARCH_PATHS = (
					"$(inherited)",
					"@executable_path/Frameworks",
					"@loader_path/Frameworks",
				);
				PRODUCT_BUNDLE_IDENTIFIER = com.leandroestrada.layoutTrainingUITests;
				PRODUCT_NAME = "$(TARGET_NAME)";
				SWIFT_VERSION = 4.2;
				TARGETED_DEVICE_FAMILY = "1,2";
				TEST_TARGET_NAME = layoutTraining;
			};
			name = Debug;
		};
		8BC92BCB211B282600016589 /* Release */ = {
			isa = XCBuildConfiguration;
			buildSettings = {
				ALWAYS_EMBED_SWIFT_STANDARD_LIBRARIES = YES;
				CODE_SIGN_STYLE = Automatic;
				DEVELOPMENT_TEAM = 99LJ8C9S9H;
				INFOPLIST_FILE = layoutTrainingUITests/Info.plist;
				LD_RUNPATH_SEARCH_PATHS = (
					"$(inherited)",
					"@executable_path/Frameworks",
					"@loader_path/Frameworks",
				);
				PRODUCT_BUNDLE_IDENTIFIER = com.leandroestrada.layoutTrainingUITests;
				PRODUCT_NAME = "$(TARGET_NAME)";
				SWIFT_VERSION = 4.2;
				TARGETED_DEVICE_FAMILY = "1,2";
				TEST_TARGET_NAME = layoutTraining;
			};
			name = Release;
		};
/* End XCBuildConfiguration section */

/* Begin XCConfigurationList section */
		8BC92B96211B282300016589 /* Build configuration list for PBXProject "layoutTraining" */ = {
			isa = XCConfigurationList;
			buildConfigurations = (
				8BC92BC1211B282600016589 /* Debug */,
				8BC92BC2211B282600016589 /* Release */,
			);
			defaultConfigurationIsVisible = 0;
			defaultConfigurationName = Release;
		};
		8BC92BC3211B282600016589 /* Build configuration list for PBXNativeTarget "layoutTraining" */ = {
			isa = XCConfigurationList;
			buildConfigurations = (
				8BC92BC4211B282600016589 /* Debug */,
				8BC92BC5211B282600016589 /* Release */,
			);
			defaultConfigurationIsVisible = 0;
			defaultConfigurationName = Release;
		};
		8BC92BC6211B282600016589 /* Build configuration list for PBXNativeTarget "layoutTrainingTests" */ = {
			isa = XCConfigurationList;
			buildConfigurations = (
				8BC92BC7211B282600016589 /* Debug */,
				8BC92BC8211B282600016589 /* Release */,
			);
			defaultConfigurationIsVisible = 0;
			defaultConfigurationName = Release;
		};
		8BC92BC9211B282600016589 /* Build configuration list for PBXNativeTarget "layoutTrainingUITests" */ = {
			isa = XCConfigurationList;
			buildConfigurations = (
				8BC92BCA211B282600016589 /* Debug */,
				8BC92BCB211B282600016589 /* Release */,
			);
			defaultConfigurationIsVisible = 0;
			defaultConfigurationName = Release;
		};
/* End XCConfigurationList section */
	};
	rootObject = 8BC92B93211B282300016589 /* Project object */;
}
